// !$*UTF8*$!
{
	archiveVersion = 1;
	classes = {
	};
	objectVersion = 55;
	objects = {

/* Begin PBXBuildFile section */
		4520FD7828F2B99200B29634 /* EditPasswordViewController.swift in Sources */ = {isa = PBXBuildFile; fileRef = 4520FD7728F2B99200B29634 /* EditPasswordViewController.swift */; };
		458E6C4028F353A200E14EEA /* EditProfileViewController.swift in Sources */ = {isa = PBXBuildFile; fileRef = 458E6C3F28F353A200E14EEA /* EditProfileViewController.swift */; };
		9205F54E28EE4F5A0006C050 /* Resource.swift in Sources */ = {isa = PBXBuildFile; fileRef = 9205F54D28EE4F5A0006C050 /* Resource.swift */; };
		E80C5BF928E122D70031515D /* ReservadoTableViewCell.swift in Sources */ = {isa = PBXBuildFile; fileRef = E80C5BF828E122D70031515D /* ReservadoTableViewCell.swift */; };
		E80D88B928E2C9A40029B15A /* Stats.swift in Sources */ = {isa = PBXBuildFile; fileRef = E80D88B828E2C9A40029B15A /* Stats.swift */; };
		E80D88BD28E2CBFF0029B15A /* StatsTableViewController.swift in Sources */ = {isa = PBXBuildFile; fileRef = E80D88BC28E2CBFF0029B15A /* StatsTableViewController.swift */; };
		E80D88BF28E2CC8B0029B15A /* StatsTableViewCell.swift in Sources */ = {isa = PBXBuildFile; fileRef = E80D88BE28E2CC8B0029B15A /* StatsTableViewCell.swift */; };
		E8224AF828EFE0B800516E92 /* Reserva.swift in Sources */ = {isa = PBXBuildFile; fileRef = E8224AF728EFE0B800516E92 /* Reserva.swift */; };
		E8357A0228E965AD0088A4DF /* AddFavTableViewController.swift in Sources */ = {isa = PBXBuildFile; fileRef = E8357A0128E965AD0088A4DF /* AddFavTableViewController.swift */; };
		E8357A0628E96A240088A4DF /* EditReservationsTableViewController.swift in Sources */ = {isa = PBXBuildFile; fileRef = E8357A0528E96A240088A4DF /* EditReservationsTableViewController.swift */; };
		E84154D528E91C9000AB023D /* Historial.swift in Sources */ = {isa = PBXBuildFile; fileRef = E84154D428E91C9000AB023D /* Historial.swift */; };
		E84154D928E91E3800AB023D /* HistorialTableViewController.swift in Sources */ = {isa = PBXBuildFile; fileRef = E84154D828E91E3800AB023D /* HistorialTableViewController.swift */; };
		E84154DB28E91E8D00AB023D /* HistorialTableViewCell.swift in Sources */ = {isa = PBXBuildFile; fileRef = E84154DA28E91E8D00AB023D /* HistorialTableViewCell.swift */; };
		E86B0EE328D6B9C700C02D29 /* RootViewController.swift in Sources */ = {isa = PBXBuildFile; fileRef = E86B0EE228D6B9C700C02D29 /* RootViewController.swift */; };
		E890AF9F28ECDC2A00B89A39 /* WebService.swift in Sources */ = {isa = PBXBuildFile; fileRef = E890AF9E28ECDC2A00B89A39 /* WebService.swift */; };
		E8964D9928D6ADD0001EEAA0 /* AppDelegate.swift in Sources */ = {isa = PBXBuildFile; fileRef = E8964D9828D6ADD0001EEAA0 /* AppDelegate.swift */; };
		E8964D9B28D6ADD0001EEAA0 /* SceneDelegate.swift in Sources */ = {isa = PBXBuildFile; fileRef = E8964D9A28D6ADD0001EEAA0 /* SceneDelegate.swift */; };
		E8964DA028D6ADD0001EEAA0 /* Main.storyboard in Resources */ = {isa = PBXBuildFile; fileRef = E8964D9E28D6ADD0001EEAA0 /* Main.storyboard */; };
		E8964DA228D6ADD2001EEAA0 /* Assets.xcassets in Resources */ = {isa = PBXBuildFile; fileRef = E8964DA128D6ADD2001EEAA0 /* Assets.xcassets */; };
		E8964DA528D6ADD2001EEAA0 /* LaunchScreen.storyboard in Resources */ = {isa = PBXBuildFile; fileRef = E8964DA328D6ADD2001EEAA0 /* LaunchScreen.storyboard */; };
		E89861F128EA118A003342DE /* RoomsTableViewController.swift in Sources */ = {isa = PBXBuildFile; fileRef = E89861F028EA118A003342DE /* RoomsTableViewController.swift */; };
		E89861F328EA11A2003342DE /* RoomTableViewCell.swift in Sources */ = {isa = PBXBuildFile; fileRef = E89861F228EA11A2003342DE /* RoomTableViewCell.swift */; };
		E89861FB28EA16B8003342DE /* SoftwareTableViewCell.swift in Sources */ = {isa = PBXBuildFile; fileRef = E89861FA28EA16B8003342DE /* SoftwareTableViewCell.swift */; };
		E89861FD28EA16C3003342DE /* SoftwaresTableViewController.swift in Sources */ = {isa = PBXBuildFile; fileRef = E89861FC28EA16C3003342DE /* SoftwaresTableViewController.swift */; };
		E89861FF28EA16D2003342DE /* HardwaresTableViewController.swift in Sources */ = {isa = PBXBuildFile; fileRef = E89861FE28EA16D2003342DE /* HardwaresTableViewController.swift */; };
		E898620128EA16DD003342DE /* HardwareTableViewCell.swift in Sources */ = {isa = PBXBuildFile; fileRef = E898620028EA16DD003342DE /* HardwareTableViewCell.swift */; };
		E898620528EA28DD003342DE /* ReserveViewController.swift in Sources */ = {isa = PBXBuildFile; fileRef = E898620428EA28DD003342DE /* ReserveViewController.swift */; };
		E8B73C6728E4C0DE00E3E6C8 /* AboutHubPagesViewController.swift in Sources */ = {isa = PBXBuildFile; fileRef = E8B73C6628E4C0DE00E3E6C8 /* AboutHubPagesViewController.swift */; };
		E8B73C6928E4EA4900E3E6C8 /* View.xib in Resources */ = {isa = PBXBuildFile; fileRef = E8B73C6828E4EA4900E3E6C8 /* View.xib */; };
		E8B73C6D28E4EBB100E3E6C8 /* View.swift in Sources */ = {isa = PBXBuildFile; fileRef = E8B73C6C28E4EBB100E3E6C8 /* View.swift */; };
		E8BDCC8128D76CC300480589 /* LoginViewController.swift in Sources */ = {isa = PBXBuildFile; fileRef = E8BDCC8028D76CC300480589 /* LoginViewController.swift */; };
		E8BDCC8328D76CDF00480589 /* RegisterViewController.swift in Sources */ = {isa = PBXBuildFile; fileRef = E8BDCC8228D76CDF00480589 /* RegisterViewController.swift */; };
		E8BDCC8528D7CA4100480589 /* RecoverPwdViewController.swift in Sources */ = {isa = PBXBuildFile; fileRef = E8BDCC8428D7CA4100480589 /* RecoverPwdViewController.swift */; };
		E8C81E4528DCDDD200C826C4 /* CalendarViewController.swift in Sources */ = {isa = PBXBuildFile; fileRef = E8C81E4428DCDDD200C826C4 /* CalendarViewController.swift */; };
		E8DE550328E940D8006F6DAA /* Favorites.swift in Sources */ = {isa = PBXBuildFile; fileRef = E8DE550228E940D8006F6DAA /* Favorites.swift */; };
		E8DE550628E9421F006F6DAA /* FavoritesTableViewController.swift in Sources */ = {isa = PBXBuildFile; fileRef = E8DE550528E9421F006F6DAA /* FavoritesTableViewController.swift */; };
		E8DE550C28E942FE006F6DAA /* FavTableViewCell.swift in Sources */ = {isa = PBXBuildFile; fileRef = E8DE550B28E942FE006F6DAA /* FavTableViewCell.swift */; };
		E8E722DA28E54BB300D0BB63 /* ProfileViewController.swift in Sources */ = {isa = PBXBuildFile; fileRef = E8E722D928E54BB300D0BB63 /* ProfileViewController.swift */; };
		E8F6100628DD724200F14A44 /* ReservationsTableViewController.swift in Sources */ = {isa = PBXBuildFile; fileRef = E8F6100528DD724200F14A44 /* ReservationsTableViewController.swift */; };
		E8F6100828DD725500F14A44 /* Reservation.swift in Sources */ = {isa = PBXBuildFile; fileRef = E8F6100728DD725500F14A44 /* Reservation.swift */; };
/* End PBXBuildFile section */

/* Begin PBXFileReference section */
		4520FD7728F2B99200B29634 /* EditPasswordViewController.swift */ = {isa = PBXFileReference; lastKnownFileType = sourcecode.swift; path = EditPasswordViewController.swift; sourceTree = "<group>"; };
		458E6C3F28F353A200E14EEA /* EditProfileViewController.swift */ = {isa = PBXFileReference; lastKnownFileType = sourcecode.swift; path = EditProfileViewController.swift; sourceTree = "<group>"; };
		9205F54D28EE4F5A0006C050 /* Resource.swift */ = {isa = PBXFileReference; lastKnownFileType = sourcecode.swift; path = Resource.swift; sourceTree = "<group>"; };
		E80C5BF828E122D70031515D /* ReservadoTableViewCell.swift */ = {isa = PBXFileReference; lastKnownFileType = sourcecode.swift; path = ReservadoTableViewCell.swift; sourceTree = "<group>"; };
		E80D88B828E2C9A40029B15A /* Stats.swift */ = {isa = PBXFileReference; lastKnownFileType = sourcecode.swift; path = Stats.swift; sourceTree = "<group>"; };
		E80D88BC28E2CBFF0029B15A /* StatsTableViewController.swift */ = {isa = PBXFileReference; lastKnownFileType = sourcecode.swift; path = StatsTableViewController.swift; sourceTree = "<group>"; };
		E80D88BE28E2CC8B0029B15A /* StatsTableViewCell.swift */ = {isa = PBXFileReference; lastKnownFileType = sourcecode.swift; path = StatsTableViewCell.swift; sourceTree = "<group>"; };
		E8224AF728EFE0B800516E92 /* Reserva.swift */ = {isa = PBXFileReference; lastKnownFileType = sourcecode.swift; path = Reserva.swift; sourceTree = "<group>"; };
		E8357A0128E965AD0088A4DF /* AddFavTableViewController.swift */ = {isa = PBXFileReference; lastKnownFileType = sourcecode.swift; path = AddFavTableViewController.swift; sourceTree = "<group>"; };
		E8357A0528E96A240088A4DF /* EditReservationsTableViewController.swift */ = {isa = PBXFileReference; lastKnownFileType = sourcecode.swift; path = EditReservationsTableViewController.swift; sourceTree = "<group>"; };
		E84154D428E91C9000AB023D /* Historial.swift */ = {isa = PBXFileReference; lastKnownFileType = sourcecode.swift; path = Historial.swift; sourceTree = "<group>"; };
		E84154D828E91E3800AB023D /* HistorialTableViewController.swift */ = {isa = PBXFileReference; lastKnownFileType = sourcecode.swift; path = HistorialTableViewController.swift; sourceTree = "<group>"; };
		E84154DA28E91E8D00AB023D /* HistorialTableViewCell.swift */ = {isa = PBXFileReference; lastKnownFileType = sourcecode.swift; path = HistorialTableViewCell.swift; sourceTree = "<group>"; };
		E86B0EE228D6B9C700C02D29 /* RootViewController.swift */ = {isa = PBXFileReference; lastKnownFileType = sourcecode.swift; path = RootViewController.swift; sourceTree = "<group>"; };
		E890AF9E28ECDC2A00B89A39 /* WebService.swift */ = {isa = PBXFileReference; lastKnownFileType = sourcecode.swift; path = WebService.swift; sourceTree = "<group>"; };
		E8964D9528D6ADD0001EEAA0 /* Hub-Reserve.app */ = {isa = PBXFileReference; explicitFileType = wrapper.application; includeInIndex = 0; path = "Hub-Reserve.app"; sourceTree = BUILT_PRODUCTS_DIR; };
		E8964D9828D6ADD0001EEAA0 /* AppDelegate.swift */ = {isa = PBXFileReference; lastKnownFileType = sourcecode.swift; path = AppDelegate.swift; sourceTree = "<group>"; };
		E8964D9A28D6ADD0001EEAA0 /* SceneDelegate.swift */ = {isa = PBXFileReference; lastKnownFileType = sourcecode.swift; path = SceneDelegate.swift; sourceTree = "<group>"; };
		E8964D9F28D6ADD0001EEAA0 /* Base */ = {isa = PBXFileReference; lastKnownFileType = file.storyboard; name = Base; path = Base.lproj/Main.storyboard; sourceTree = "<group>"; };
		E8964DA128D6ADD2001EEAA0 /* Assets.xcassets */ = {isa = PBXFileReference; lastKnownFileType = folder.assetcatalog; path = Assets.xcassets; sourceTree = "<group>"; };
		E8964DA428D6ADD2001EEAA0 /* Base */ = {isa = PBXFileReference; lastKnownFileType = file.storyboard; name = Base; path = Base.lproj/LaunchScreen.storyboard; sourceTree = "<group>"; };
		E8964DA628D6ADD2001EEAA0 /* Info.plist */ = {isa = PBXFileReference; lastKnownFileType = text.plist.xml; path = Info.plist; sourceTree = "<group>"; };
		E89861F028EA118A003342DE /* RoomsTableViewController.swift */ = {isa = PBXFileReference; lastKnownFileType = sourcecode.swift; path = RoomsTableViewController.swift; sourceTree = "<group>"; };
		E89861F228EA11A2003342DE /* RoomTableViewCell.swift */ = {isa = PBXFileReference; lastKnownFileType = sourcecode.swift; path = RoomTableViewCell.swift; sourceTree = "<group>"; };
		E89861FA28EA16B8003342DE /* SoftwareTableViewCell.swift */ = {isa = PBXFileReference; lastKnownFileType = sourcecode.swift; path = SoftwareTableViewCell.swift; sourceTree = "<group>"; };
		E89861FC28EA16C3003342DE /* SoftwaresTableViewController.swift */ = {isa = PBXFileReference; lastKnownFileType = sourcecode.swift; path = SoftwaresTableViewController.swift; sourceTree = "<group>"; };
		E89861FE28EA16D2003342DE /* HardwaresTableViewController.swift */ = {isa = PBXFileReference; lastKnownFileType = sourcecode.swift; path = HardwaresTableViewController.swift; sourceTree = "<group>"; };
		E898620028EA16DD003342DE /* HardwareTableViewCell.swift */ = {isa = PBXFileReference; lastKnownFileType = sourcecode.swift; path = HardwareTableViewCell.swift; sourceTree = "<group>"; };
		E898620428EA28DD003342DE /* ReserveViewController.swift */ = {isa = PBXFileReference; lastKnownFileType = sourcecode.swift; path = ReserveViewController.swift; sourceTree = "<group>"; };
		E8B73C6628E4C0DE00E3E6C8 /* AboutHubPagesViewController.swift */ = {isa = PBXFileReference; lastKnownFileType = sourcecode.swift; path = AboutHubPagesViewController.swift; sourceTree = "<group>"; };
		E8B73C6828E4EA4900E3E6C8 /* View.xib */ = {isa = PBXFileReference; lastKnownFileType = file.xib; path = View.xib; sourceTree = "<group>"; };
		E8B73C6C28E4EBB100E3E6C8 /* View.swift */ = {isa = PBXFileReference; lastKnownFileType = sourcecode.swift; path = View.swift; sourceTree = "<group>"; };
		E8BDCC8028D76CC300480589 /* LoginViewController.swift */ = {isa = PBXFileReference; lastKnownFileType = sourcecode.swift; path = LoginViewController.swift; sourceTree = "<group>"; };
		E8BDCC8228D76CDF00480589 /* RegisterViewController.swift */ = {isa = PBXFileReference; lastKnownFileType = sourcecode.swift; path = RegisterViewController.swift; sourceTree = "<group>"; };
		E8BDCC8428D7CA4100480589 /* RecoverPwdViewController.swift */ = {isa = PBXFileReference; lastKnownFileType = sourcecode.swift; path = RecoverPwdViewController.swift; sourceTree = "<group>"; };
		E8C81E4428DCDDD200C826C4 /* CalendarViewController.swift */ = {isa = PBXFileReference; lastKnownFileType = sourcecode.swift; path = CalendarViewController.swift; sourceTree = "<group>"; };
		E8DE550228E940D8006F6DAA /* Favorites.swift */ = {isa = PBXFileReference; lastKnownFileType = sourcecode.swift; path = Favorites.swift; sourceTree = "<group>"; };
		E8DE550528E9421F006F6DAA /* FavoritesTableViewController.swift */ = {isa = PBXFileReference; lastKnownFileType = sourcecode.swift; path = FavoritesTableViewController.swift; sourceTree = "<group>"; };
		E8DE550B28E942FE006F6DAA /* FavTableViewCell.swift */ = {isa = PBXFileReference; lastKnownFileType = sourcecode.swift; path = FavTableViewCell.swift; sourceTree = "<group>"; };
		E8E722D928E54BB300D0BB63 /* ProfileViewController.swift */ = {isa = PBXFileReference; lastKnownFileType = sourcecode.swift; path = ProfileViewController.swift; sourceTree = "<group>"; };
		E8F6100528DD724200F14A44 /* ReservationsTableViewController.swift */ = {isa = PBXFileReference; lastKnownFileType = sourcecode.swift; path = ReservationsTableViewController.swift; sourceTree = "<group>"; };
		E8F6100728DD725500F14A44 /* Reservation.swift */ = {isa = PBXFileReference; lastKnownFileType = sourcecode.swift; path = Reservation.swift; sourceTree = "<group>"; };
/* End PBXFileReference section */

/* Begin PBXFrameworksBuildPhase section */
		E8964D9228D6ADD0001EEAA0 /* Frameworks */ = {
			isa = PBXFrameworksBuildPhase;
			buildActionMask = 2147483647;
			files = (
			);
			runOnlyForDeploymentPostprocessing = 0;
		};
/* End PBXFrameworksBuildPhase section */

/* Begin PBXGroup section */
		E890AF9D28ECDC1C00B89A39 /* Services */ = {
			isa = PBXGroup;
			children = (
				E890AF9E28ECDC2A00B89A39 /* WebService.swift */,
			);
			path = Services;
			sourceTree = "<group>";
		};
		E8964D8C28D6ADD0001EEAA0 = {
			isa = PBXGroup;
			children = (
				E8964D9728D6ADD0001EEAA0 /* Hub-Reserve */,
				E8964D9628D6ADD0001EEAA0 /* Products */,
			);
			sourceTree = "<group>";
		};
		E8964D9628D6ADD0001EEAA0 /* Products */ = {
			isa = PBXGroup;
			children = (
				E8964D9528D6ADD0001EEAA0 /* Hub-Reserve.app */,
			);
			name = Products;
			sourceTree = "<group>";
		};
		E8964D9728D6ADD0001EEAA0 /* Hub-Reserve */ = {
			isa = PBXGroup;
			children = (
				E890AF9D28ECDC1C00B89A39 /* Services */,
				E8F6100428DD71E100F14A44 /* Models */,
				E8F6100328DD71D800F14A44 /* Controllers */,
				E8964D9828D6ADD0001EEAA0 /* AppDelegate.swift */,
				E8964D9A28D6ADD0001EEAA0 /* SceneDelegate.swift */,
				E8964D9E28D6ADD0001EEAA0 /* Main.storyboard */,
				E8B73C6C28E4EBB100E3E6C8 /* View.swift */,
				E8B73C6828E4EA4900E3E6C8 /* View.xib */,
				E8964DA128D6ADD2001EEAA0 /* Assets.xcassets */,
				E8964DA328D6ADD2001EEAA0 /* LaunchScreen.storyboard */,
				E8964DA628D6ADD2001EEAA0 /* Info.plist */,
			);
			path = "Hub-Reserve";
			sourceTree = "<group>";
		};
		E89861ED28EA114F003342DE /* Rooms */ = {
			isa = PBXGroup;
			children = (
				E89861F028EA118A003342DE /* RoomsTableViewController.swift */,
				E89861F228EA11A2003342DE /* RoomTableViewCell.swift */,
			);
			path = Rooms;
			sourceTree = "<group>";
		};
		E89861EE28EA115B003342DE /* Software */ = {
			isa = PBXGroup;
			children = (
				E89861FC28EA16C3003342DE /* SoftwaresTableViewController.swift */,
				E89861FA28EA16B8003342DE /* SoftwareTableViewCell.swift */,
			);
			path = Software;
			sourceTree = "<group>";
		};
		E89861EF28EA1162003342DE /* Hardware */ = {
			isa = PBXGroup;
			children = (
				E89861FE28EA16D2003342DE /* HardwaresTableViewController.swift */,
				E898620028EA16DD003342DE /* HardwareTableViewCell.swift */,
			);
			path = Hardware;
			sourceTree = "<group>";
		};
		E8DE550428E941C6006F6DAA /* Historial */ = {
			isa = PBXGroup;
			children = (
				E84154D828E91E3800AB023D /* HistorialTableViewController.swift */,
				E84154DA28E91E8D00AB023D /* HistorialTableViewCell.swift */,
			);
			path = Historial;
			sourceTree = "<group>";
		};
		E8DE550728E94227006F6DAA /* Favorites */ = {
			isa = PBXGroup;
			children = (
				E8DE550528E9421F006F6DAA /* FavoritesTableViewController.swift */,
				E8DE550B28E942FE006F6DAA /* FavTableViewCell.swift */,
				E8357A0128E965AD0088A4DF /* AddFavTableViewController.swift */,
			);
			path = Favorites;
			sourceTree = "<group>";
		};
		E8DE550828E94260006F6DAA /* Reservations */ = {
			isa = PBXGroup;
			children = (
				E8F6100528DD724200F14A44 /* ReservationsTableViewController.swift */,
				E80C5BF828E122D70031515D /* ReservadoTableViewCell.swift */,
				E8357A0528E96A240088A4DF /* EditReservationsTableViewController.swift */,
			);
			path = Reservations;
			sourceTree = "<group>";
		};
		E8DE550928E9427A006F6DAA /* Stats */ = {
			isa = PBXGroup;
			children = (
				E80D88BC28E2CBFF0029B15A /* StatsTableViewController.swift */,
				E80D88BE28E2CC8B0029B15A /* StatsTableViewCell.swift */,
			);
			path = Stats;
			sourceTree = "<group>";
		};
		E8DE550A28E9428D006F6DAA /* Profile */ = {
			isa = PBXGroup;
			children = (
				E8E722D928E54BB300D0BB63 /* ProfileViewController.swift */,
				458E6C3F28F353A200E14EEA /* EditProfileViewController.swift */,
				4520FD7728F2B99200B29634 /* EditPasswordViewController.swift */,
			);
			path = Profile;
			sourceTree = "<group>";
		};
		E8F6100328DD71D800F14A44 /* Controllers */ = {
			isa = PBXGroup;
			children = (
				E89861ED28EA114F003342DE /* Rooms */,
				E89861EE28EA115B003342DE /* Software */,
				E89861EF28EA1162003342DE /* Hardware */,
				E8DE550A28E9428D006F6DAA /* Profile */,
				E8DE550928E9427A006F6DAA /* Stats */,
				E8DE550828E94260006F6DAA /* Reservations */,
				E8DE550428E941C6006F6DAA /* Historial */,
				E8DE550728E94227006F6DAA /* Favorites */,
				E86B0EE228D6B9C700C02D29 /* RootViewController.swift */,
				E8B73C6628E4C0DE00E3E6C8 /* AboutHubPagesViewController.swift */,
				E8BDCC8228D76CDF00480589 /* RegisterViewController.swift */,
				E8BDCC8028D76CC300480589 /* LoginViewController.swift */,
				E898620428EA28DD003342DE /* ReserveViewController.swift */,
				E8C81E4428DCDDD200C826C4 /* CalendarViewController.swift */,
				E8BDCC8428D7CA4100480589 /* RecoverPwdViewController.swift */,
			);
			path = Controllers;
			sourceTree = "<group>";
		};
		E8F6100428DD71E100F14A44 /* Models */ = {
			isa = PBXGroup;
			children = (
				E8F6100728DD725500F14A44 /* Reservation.swift */,
				E80D88B828E2C9A40029B15A /* Stats.swift */,
				E84154D428E91C9000AB023D /* Historial.swift */,
				E8DE550228E940D8006F6DAA /* Favorites.swift */,
				9205F54D28EE4F5A0006C050 /* Resource.swift */,
				E8224AF728EFE0B800516E92 /* Reserva.swift */,
			);
			path = Models;
			sourceTree = "<group>";
		};
/* End PBXGroup section */

/* Begin PBXNativeTarget section */
		E8964D9428D6ADD0001EEAA0 /* Hub-Reserve */ = {
			isa = PBXNativeTarget;
			buildConfigurationList = E8964DA928D6ADD2001EEAA0 /* Build configuration list for PBXNativeTarget "Hub-Reserve" */;
			buildPhases = (
				E8964D9128D6ADD0001EEAA0 /* Sources */,
				E8964D9228D6ADD0001EEAA0 /* Frameworks */,
				E8964D9328D6ADD0001EEAA0 /* Resources */,
			);
			buildRules = (
			);
			dependencies = (
			);
			name = "Hub-Reserve";
			productName = "Hub-Reserve";
			productReference = E8964D9528D6ADD0001EEAA0 /* Hub-Reserve.app */;
			productType = "com.apple.product-type.application";
		};
/* End PBXNativeTarget section */

/* Begin PBXProject section */
		E8964D8D28D6ADD0001EEAA0 /* Project object */ = {
			isa = PBXProject;
			attributes = {
				BuildIndependentTargetsInParallel = 1;
				LastSwiftUpdateCheck = 1340;
				LastUpgradeCheck = 1340;
				TargetAttributes = {
					E8964D9428D6ADD0001EEAA0 = {
						CreatedOnToolsVersion = 13.4.1;
						LastSwiftMigration = 1400;
					};
				};
			};
			buildConfigurationList = E8964D9028D6ADD0001EEAA0 /* Build configuration list for PBXProject "Hub-Reserve" */;
			compatibilityVersion = "Xcode 13.0";
			developmentRegion = en;
			hasScannedForEncodings = 0;
			knownRegions = (
				en,
				Base,
			);
			mainGroup = E8964D8C28D6ADD0001EEAA0;
			productRefGroup = E8964D9628D6ADD0001EEAA0 /* Products */;
			projectDirPath = "";
			projectRoot = "";
			targets = (
				E8964D9428D6ADD0001EEAA0 /* Hub-Reserve */,
			);
		};
/* End PBXProject section */

/* Begin PBXResourcesBuildPhase section */
		E8964D9328D6ADD0001EEAA0 /* Resources */ = {
			isa = PBXResourcesBuildPhase;
			buildActionMask = 2147483647;
			files = (
				E8B73C6928E4EA4900E3E6C8 /* View.xib in Resources */,
				E8964DA528D6ADD2001EEAA0 /* LaunchScreen.storyboard in Resources */,
				E8964DA228D6ADD2001EEAA0 /* Assets.xcassets in Resources */,
				E8964DA028D6ADD0001EEAA0 /* Main.storyboard in Resources */,
			);
			runOnlyForDeploymentPostprocessing = 0;
		};
/* End PBXResourcesBuildPhase section */

/* Begin PBXSourcesBuildPhase section */
		E8964D9128D6ADD0001EEAA0 /* Sources */ = {
			isa = PBXSourcesBuildPhase;
			buildActionMask = 2147483647;
			files = (
				E8C81E4528DCDDD200C826C4 /* CalendarViewController.swift in Sources */,
				E8DE550C28E942FE006F6DAA /* FavTableViewCell.swift in Sources */,
				E8BDCC8128D76CC300480589 /* LoginViewController.swift in Sources */,
				E80D88B928E2C9A40029B15A /* Stats.swift in Sources */,
				4520FD7828F2B99200B29634 /* EditPasswordViewController.swift in Sources */,
				E8DE550628E9421F006F6DAA /* FavoritesTableViewController.swift in Sources */,
				E80D88BD28E2CBFF0029B15A /* StatsTableViewController.swift in Sources */,
				E89861FF28EA16D2003342DE /* HardwaresTableViewController.swift in Sources */,
				E80D88BF28E2CC8B0029B15A /* StatsTableViewCell.swift in Sources */,
				E8357A0628E96A240088A4DF /* EditReservationsTableViewController.swift in Sources */,
				E89861F128EA118A003342DE /* RoomsTableViewController.swift in Sources */,
				E898620128EA16DD003342DE /* HardwareTableViewCell.swift in Sources */,
				E890AF9F28ECDC2A00B89A39 /* WebService.swift in Sources */,
				E8F6100828DD725500F14A44 /* Reservation.swift in Sources */,
				E84154D928E91E3800AB023D /* HistorialTableViewController.swift in Sources */,
				E8E722DA28E54BB300D0BB63 /* ProfileViewController.swift in Sources */,
				E80C5BF928E122D70031515D /* ReservadoTableViewCell.swift in Sources */,
				E84154D528E91C9000AB023D /* Historial.swift in Sources */,
				E89861FB28EA16B8003342DE /* SoftwareTableViewCell.swift in Sources */,
				E89861F328EA11A2003342DE /* RoomTableViewCell.swift in Sources */,
				E8BDCC8328D76CDF00480589 /* RegisterViewController.swift in Sources */,
				E898620528EA28DD003342DE /* ReserveViewController.swift in Sources */,
				E84154DB28E91E8D00AB023D /* HistorialTableViewCell.swift in Sources */,
				E8964D9928D6ADD0001EEAA0 /* AppDelegate.swift in Sources */,
				E8357A0228E965AD0088A4DF /* AddFavTableViewController.swift in Sources */,
				E8224AF828EFE0B800516E92 /* Reserva.swift in Sources */,
				E8F6100628DD724200F14A44 /* ReservationsTableViewController.swift in Sources */,
				458E6C4028F353A200E14EEA /* EditProfileViewController.swift in Sources */,
				E8B73C6728E4C0DE00E3E6C8 /* AboutHubPagesViewController.swift in Sources */,
				E8B73C6D28E4EBB100E3E6C8 /* View.swift in Sources */,
				E89861FD28EA16C3003342DE /* SoftwaresTableViewController.swift in Sources */,
				E86B0EE328D6B9C700C02D29 /* RootViewController.swift in Sources */,
				E8964D9B28D6ADD0001EEAA0 /* SceneDelegate.swift in Sources */,
				E8BDCC8528D7CA4100480589 /* RecoverPwdViewController.swift in Sources */,
				9205F54E28EE4F5A0006C050 /* Resource.swift in Sources */,
				E8DE550328E940D8006F6DAA /* Favorites.swift in Sources */,
			);
			runOnlyForDeploymentPostprocessing = 0;
		};
/* End PBXSourcesBuildPhase section */

/* Begin PBXVariantGroup section */
		E8964D9E28D6ADD0001EEAA0 /* Main.storyboard */ = {
			isa = PBXVariantGroup;
			children = (
				E8964D9F28D6ADD0001EEAA0 /* Base */,
			);
			name = Main.storyboard;
			sourceTree = "<group>";
		};
		E8964DA328D6ADD2001EEAA0 /* LaunchScreen.storyboard */ = {
			isa = PBXVariantGroup;
			children = (
				E8964DA428D6ADD2001EEAA0 /* Base */,
			);
			name = LaunchScreen.storyboard;
			sourceTree = "<group>";
		};
/* End PBXVariantGroup section */

/* Begin XCBuildConfiguration section */
		E8964DA728D6ADD2001EEAA0 /* Debug */ = {
			isa = XCBuildConfiguration;
			buildSettings = {
				ALWAYS_SEARCH_USER_PATHS = NO;
				CLANG_ANALYZER_NONNULL = YES;
				CLANG_ANALYZER_NUMBER_OBJECT_CONVERSION = YES_AGGRESSIVE;
				CLANG_CXX_LANGUAGE_STANDARD = "gnu++17";
				CLANG_ENABLE_MODULES = YES;
				CLANG_ENABLE_OBJC_ARC = YES;
				CLANG_ENABLE_OBJC_WEAK = YES;
				CLANG_WARN_BLOCK_CAPTURE_AUTORELEASING = YES;
				CLANG_WARN_BOOL_CONVERSION = YES;
				CLANG_WARN_COMMA = YES;
				CLANG_WARN_CONSTANT_CONVERSION = YES;
				CLANG_WARN_DEPRECATED_OBJC_IMPLEMENTATIONS = YES;
				CLANG_WARN_DIRECT_OBJC_ISA_USAGE = YES_ERROR;
				CLANG_WARN_DOCUMENTATION_COMMENTS = YES;
				CLANG_WARN_EMPTY_BODY = YES;
				CLANG_WARN_ENUM_CONVERSION = YES;
				CLANG_WARN_INFINITE_RECURSION = YES;
				CLANG_WARN_INT_CONVERSION = YES;
				CLANG_WARN_NON_LITERAL_NULL_CONVERSION = YES;
				CLANG_WARN_OBJC_IMPLICIT_RETAIN_SELF = YES;
				CLANG_WARN_OBJC_LITERAL_CONVERSION = YES;
				CLANG_WARN_OBJC_ROOT_CLASS = YES_ERROR;
				CLANG_WARN_QUOTED_INCLUDE_IN_FRAMEWORK_HEADER = YES;
				CLANG_WARN_RANGE_LOOP_ANALYSIS = YES;
				CLANG_WARN_STRICT_PROTOTYPES = YES;
				CLANG_WARN_SUSPICIOUS_MOVE = YES;
				CLANG_WARN_UNGUARDED_AVAILABILITY = YES_AGGRESSIVE;
				CLANG_WARN_UNREACHABLE_CODE = YES;
				CLANG_WARN__DUPLICATE_METHOD_MATCH = YES;
				COPY_PHASE_STRIP = NO;
				DEBUG_INFORMATION_FORMAT = dwarf;
				ENABLE_STRICT_OBJC_MSGSEND = YES;
				ENABLE_TESTABILITY = YES;
				GCC_C_LANGUAGE_STANDARD = gnu11;
				GCC_DYNAMIC_NO_PIC = NO;
				GCC_NO_COMMON_BLOCKS = YES;
				GCC_OPTIMIZATION_LEVEL = 0;
				GCC_PREPROCESSOR_DEFINITIONS = (
					"DEBUG=1",
					"$(inherited)",
				);
				GCC_WARN_64_TO_32_BIT_CONVERSION = YES;
				GCC_WARN_ABOUT_RETURN_TYPE = YES_ERROR;
				GCC_WARN_UNDECLARED_SELECTOR = YES;
				GCC_WARN_UNINITIALIZED_AUTOS = YES_AGGRESSIVE;
				GCC_WARN_UNUSED_FUNCTION = YES;
				GCC_WARN_UNUSED_VARIABLE = YES;
				IPHONEOS_DEPLOYMENT_TARGET = 15.5;
				MTL_ENABLE_DEBUG_INFO = INCLUDE_SOURCE;
				MTL_FAST_MATH = YES;
				ONLY_ACTIVE_ARCH = YES;
				SDKROOT = iphoneos;
				SWIFT_ACTIVE_COMPILATION_CONDITIONS = DEBUG;
				SWIFT_OPTIMIZATION_LEVEL = "-Onone";
			};
			name = Debug;
		};
		E8964DA828D6ADD2001EEAA0 /* Release */ = {
			isa = XCBuildConfiguration;
			buildSettings = {
				ALWAYS_SEARCH_USER_PATHS = NO;
				CLANG_ANALYZER_NONNULL = YES;
				CLANG_ANALYZER_NUMBER_OBJECT_CONVERSION = YES_AGGRESSIVE;
				CLANG_CXX_LANGUAGE_STANDARD = "gnu++17";
				CLANG_ENABLE_MODULES = YES;
				CLANG_ENABLE_OBJC_ARC = YES;
				CLANG_ENABLE_OBJC_WEAK = YES;
				CLANG_WARN_BLOCK_CAPTURE_AUTORELEASING = YES;
				CLANG_WARN_BOOL_CONVERSION = YES;
				CLANG_WARN_COMMA = YES;
				CLANG_WARN_CONSTANT_CONVERSION = YES;
				CLANG_WARN_DEPRECATED_OBJC_IMPLEMENTATIONS = YES;
				CLANG_WARN_DIRECT_OBJC_ISA_USAGE = YES_ERROR;
				CLANG_WARN_DOCUMENTATION_COMMENTS = YES;
				CLANG_WARN_EMPTY_BODY = YES;
				CLANG_WARN_ENUM_CONVERSION = YES;
				CLANG_WARN_INFINITE_RECURSION = YES;
				CLANG_WARN_INT_CONVERSION = YES;
				CLANG_WARN_NON_LITERAL_NULL_CONVERSION = YES;
				CLANG_WARN_OBJC_IMPLICIT_RETAIN_SELF = YES;
				CLANG_WARN_OBJC_LITERAL_CONVERSION = YES;
				CLANG_WARN_OBJC_ROOT_CLASS = YES_ERROR;
				CLANG_WARN_QUOTED_INCLUDE_IN_FRAMEWORK_HEADER = YES;
				CLANG_WARN_RANGE_LOOP_ANALYSIS = YES;
				CLANG_WARN_STRICT_PROTOTYPES = YES;
				CLANG_WARN_SUSPICIOUS_MOVE = YES;
				CLANG_WARN_UNGUARDED_AVAILABILITY = YES_AGGRESSIVE;
				CLANG_WARN_UNREACHABLE_CODE = YES;
				CLANG_WARN__DUPLICATE_METHOD_MATCH = YES;
				COPY_PHASE_STRIP = NO;
				DEBUG_INFORMATION_FORMAT = "dwarf-with-dsym";
				ENABLE_NS_ASSERTIONS = NO;
				ENABLE_STRICT_OBJC_MSGSEND = YES;
				GCC_C_LANGUAGE_STANDARD = gnu11;
				GCC_NO_COMMON_BLOCKS = YES;
				GCC_WARN_64_TO_32_BIT_CONVERSION = YES;
				GCC_WARN_ABOUT_RETURN_TYPE = YES_ERROR;
				GCC_WARN_UNDECLARED_SELECTOR = YES;
				GCC_WARN_UNINITIALIZED_AUTOS = YES_AGGRESSIVE;
				GCC_WARN_UNUSED_FUNCTION = YES;
				GCC_WARN_UNUSED_VARIABLE = YES;
				IPHONEOS_DEPLOYMENT_TARGET = 15.5;
				MTL_ENABLE_DEBUG_INFO = NO;
				MTL_FAST_MATH = YES;
				SDKROOT = iphoneos;
				SWIFT_COMPILATION_MODE = wholemodule;
				SWIFT_OPTIMIZATION_LEVEL = "-O";
				VALIDATE_PRODUCT = YES;
			};
			name = Release;
		};
		E8964DAA28D6ADD2001EEAA0 /* Debug */ = {
			isa = XCBuildConfiguration;
			buildSettings = {
				ASSETCATALOG_COMPILER_APPICON_NAME = AppIcon;
				ASSETCATALOG_COMPILER_GLOBAL_ACCENT_COLOR_NAME = AccentColor;
				CLANG_ENABLE_MODULES = YES;
				CODE_SIGN_STYLE = Automatic;
				CURRENT_PROJECT_VERSION = 1;
				DEVELOPMENT_TEAM = BNVQ64P4GD;
				GENERATE_INFOPLIST_FILE = YES;
				INFOPLIST_FILE = "Hub-Reserve/Info.plist";
				INFOPLIST_KEY_UIApplicationSupportsIndirectInputEvents = YES;
				INFOPLIST_KEY_UILaunchStoryboardName = LaunchScreen;
				INFOPLIST_KEY_UIMainStoryboardFile = Main;
				INFOPLIST_KEY_UISupportedInterfaceOrientations_iPad = "UIInterfaceOrientationPortrait UIInterfaceOrientationPortraitUpsideDown UIInterfaceOrientationLandscapeLeft UIInterfaceOrientationLandscapeRight";
				INFOPLIST_KEY_UISupportedInterfaceOrientations_iPhone = "UIInterfaceOrientationPortrait UIInterfaceOrientationLandscapeLeft UIInterfaceOrientationLandscapeRight";
				IPHONEOS_DEPLOYMENT_TARGET = 15.5;
				LD_RUNPATH_SEARCH_PATHS = (
					"$(inherited)",
					"@executable_path/Frameworks",
				);
				MARKETING_VERSION = 1.0;
				PRODUCT_BUNDLE_IDENTIFIER = "com.emisaar.Hub-Reserve";
				PRODUCT_NAME = "$(TARGET_NAME)";
				SWIFT_EMIT_LOC_STRINGS = YES;
				SWIFT_OPTIMIZATION_LEVEL = "-Onone";
				SWIFT_VERSION = 5.0;
				TARGETED_DEVICE_FAMILY = "1,2";
			};
			name = Debug;
		};
		E8964DAB28D6ADD2001EEAA0 /* Release */ = {
			isa = XCBuildConfiguration;
			buildSettings = {
				ASSETCATALOG_COMPILER_APPICON_NAME = AppIcon;
				ASSETCATALOG_COMPILER_GLOBAL_ACCENT_COLOR_NAME = AccentColor;
				CLANG_ENABLE_MODULES = YES;
				CODE_SIGN_STYLE = Automatic;
				CURRENT_PROJECT_VERSION = 1;
				DEVELOPMENT_TEAM = BNVQ64P4GD;
				GENERATE_INFOPLIST_FILE = YES;
				INFOPLIST_FILE = "Hub-Reserve/Info.plist";
				INFOPLIST_KEY_UIApplicationSupportsIndirectInputEvents = YES;
				INFOPLIST_KEY_UILaunchStoryboardName = LaunchScreen;
				INFOPLIST_KEY_UIMainStoryboardFile = Main;
				INFOPLIST_KEY_UISupportedInterfaceOrientations_iPad = "UIInterfaceOrientationPortrait UIInterfaceOrientationPortraitUpsideDown UIInterfaceOrientationLandscapeLeft UIInterfaceOrientationLandscapeRight";
				INFOPLIST_KEY_UISupportedInterfaceOrientations_iPhone = "UIInterfaceOrientationPortrait UIInterfaceOrientationLandscapeLeft UIInterfaceOrientationLandscapeRight";
				IPHONEOS_DEPLOYMENT_TARGET = 15.5;
				LD_RUNPATH_SEARCH_PATHS = (
					"$(inherited)",
					"@executable_path/Frameworks",
				);
				MARKETING_VERSION = 1.0;
				PRODUCT_BUNDLE_IDENTIFIER = "com.emisaar.Hub-Reserve";
				PRODUCT_NAME = "$(TARGET_NAME)";
				SWIFT_EMIT_LOC_STRINGS = YES;
				SWIFT_VERSION = 5.0;
				TARGETED_DEVICE_FAMILY = "1,2";
			};
			name = Release;
		};
/* End XCBuildConfiguration section */

/* Begin XCConfigurationList section */
		E8964D9028D6ADD0001EEAA0 /* Build configuration list for PBXProject "Hub-Reserve" */ = {
			isa = XCConfigurationList;
			buildConfigurations = (
				E8964DA728D6ADD2001EEAA0 /* Debug */,
				E8964DA828D6ADD2001EEAA0 /* Release */,
			);
			defaultConfigurationIsVisible = 0;
			defaultConfigurationName = Release;
		};
		E8964DA928D6ADD2001EEAA0 /* Build configuration list for PBXNativeTarget "Hub-Reserve" */ = {
			isa = XCConfigurationList;
			buildConfigurations = (
				E8964DAA28D6ADD2001EEAA0 /* Debug */,
				E8964DAB28D6ADD2001EEAA0 /* Release */,
			);
			defaultConfigurationIsVisible = 0;
			defaultConfigurationName = Release;
		};
/* End XCConfigurationList section */
	};
	rootObject = E8964D8D28D6ADD0001EEAA0 /* Project object */;
}
